
Microsoft Visual Studio Solution File, Format Version 12.00
# Visual Studio Version 16
VisualStudioVersion = 16.0.31515.178
MinimumVisualStudioVersion = 10.0.40219.1
Project("{FAE04EC0-301F-11D3-BF4B-00C04F79EFBC}") = "MVVMDemo", "MVVMDemo\MVVMDemo.csproj", "{5AF47144-400B-4A52-8718-83582F7753CA}"
EndProject
Global
	GlobalSection(SolutionConfigurationPlatforms) = preSolution
		Debug|Any CPU = Debug|Any CPU
		Release|Any CPU = Release|Any CPU
	EndGlobalSection
	GlobalSection(ProjectConfigurationPlatforms) = postSolution
		{5AF47144-400B-4A52-8718-83582F7753CA}.Debug|Any CPU.ActiveCfg = Debug|Any CPU
		{5AF47144-400B-4A52-8718-83582F7753CA}.Debug|Any CPU.Build.0 = Debug|Any CPU
		{5AF47144-400B-4A52-8718-83582F7753CA}.Release|Any CPU.ActiveCfg = Release|Any CPU
		{5AF47144-400B-4A52-8718-83582F7753CA}.Release|Any CPU.Build.0 = Release|Any CPU
	EndGlobalSection
	GlobalSection(SolutionProperties) = preSolution
		HideSolutionNode = FALSE
	EndGlobalSection
	GlobalSection(ExtensibilityGlobals) = postSolution
		SolutionGuid = {2D3A8569-17DC-4871-A4EF-F0335C6B3373}
	EndGlobalSection
EndGlobal
